
Microsoft Visual Studio Solution File, Format Version 12.00
# Visual Studio 15
VisualStudioVersion = 15.0.28307.1684
MinimumVisualStudioVersion = 10.0.40219.1
Project("{8BC9CEB8-8B4A-11D0-8D11-00A0C91BC942}") = "InternetBandwidth820", "InternetBandwith820\InternetBandwith820.vcxproj", "{317F678E-AC30-47AE-838D-79CCB59F4B78}"
EndProject
Project("{8BC9CEB8-8B4A-11D0-8D11-00A0C91BC942}") = "PatrolRobot1600", "PatrolRobot1600\PatrolRobot1600.vcxproj", "{8968D543-E9DC-47D5-9B59-DA0CE7E3B667}"
EndProject
Project("{8BC9CEB8-8B4A-11D0-8D11-00A0C91BC942}") = "NonBoringSequences1608", "NonBoringSequences1608\NonBoringSequences1608.vcxproj", "{9DA59F4F-7EE9-4431-A094-2172E3A83064}"
EndProject
Project("{8BC9CEB8-8B4A-11D0-8D11-00A0C91BC942}") = "SecretChamberAtMountRushmore1757", "SecretChamberAtMountRushmore1757\SecretChamberAtMountRushmore1757.vcxproj", "{EB1EDC53-46CF-4D68-8C16-41F7564315F8}"
EndProject
Project("{8BC9CEB8-8B4A-11D0-8D11-00A0C91BC942}") = "Admiral1658", "Admiral1658\Admiral1658.vcxproj", "{F1446147-0D7B-4193-9AC2-1E6D565C33CB}"
EndProject
Project("{8BC9CEB8-8B4A-11D0-8D11-00A0C91BC942}") = "SpreadingTheNews924", "SpreadingTheNews924\SpreadingTheNews924.vcxproj", "{84A0F9D5-7BD4-4246-B4A2-D5AEEB056719}"
EndProject
Project("{8BC9CEB8-8B4A-11D0-8D11-00A0C91BC942}") = "ASpyInTheMetro1025", "ASpyInTheMetro1025\ASpyInTheMetro1025.vcxproj", "{B492D9EF-158F-4D5C-8D35-3E87D0691D71}"
EndProject
Project("{8BC9CEB8-8B4A-11D0-8D11-00A0C91BC942}") = "WeddingOfTheSultan12582", "WeddingOfTheSultan12582\WeddingOfTheSultan12582.vcxproj", "{76F0DBA3-A6CA-4B4D-9F14-47744C663463}"
EndProject
Project("{8BC9CEB8-8B4A-11D0-8D11-00A0C91BC942}") = "UpdatingADictionary12504", "UpdatingADictionary12504\UpdatingADictionary12504.vcxproj", "{DBE692F6-EF71-4199-8375-15AE777B19B7}"
EndProject
Project("{8BC9CEB8-8B4A-11D0-8D11-00A0C91BC942}") = "PlaceTheGuards11080", "PlaceTheGuards11080\PlaceTheGuards11080.vcxproj", "{53C7F6FC-A4BC-4CF4-9DA9-8D1162BE9322}"
EndProject
Project("{8BC9CEB8-8B4A-11D0-8D11-00A0C91BC942}") = "HowMany_986", "HowMany_986\HowMany_986.vcxproj", "{CF687687-6DE2-4C8F-84F5-0AADB343F561}"
EndProject
Project("{8BC9CEB8-8B4A-11D0-8D11-00A0C91BC942}") = "Extrapolation326", "Extrapolation326\Extrapolation326.vcxproj", "{1DABF61B-A760-48A7-924F-44F193C7A36A}"
EndProject
Project("{8BC9CEB8-8B4A-11D0-8D11-00A0C91BC942}") = "IslandHopping1013", "IslandHopping1013\IslandHopping1013.vcxproj", "{A993A815-5A70-4790-9EBB-AF8C0ABBC7C6}"
EndProject
Project("{8BC9CEB8-8B4A-11D0-8D11-00A0C91BC942}") = "CriticalLinks796", "CriticalLinks796\CriticalLinks796.vcxproj", "{82709CAD-58AC-4637-BA86-7D56444AD954}"
EndProject
Project("{8BC9CEB8-8B4A-11D0-8D11-00A0C91BC942}") = "Zones1047", "Zones1047\Zones1047.vcxproj", "{07612476-9008-4BC6-A9BA-F89EBFDB135D}"
EndProject
Project("{8BC9CEB8-8B4A-11D0-8D11-00A0C91BC942}") = "DegreesOfSeparation1056", "DegreesOfSeparation1056\DegreesOfSeparation1056.vcxproj", "{97BD6F81-9D36-4F84-87A0-DEC0EC5A4CB6}"
EndProject
Project("{8BC9CEB8-8B4A-11D0-8D11-00A0C91BC942}") = "SillySort1016", "SillySort1016\SillySort1016.vcxproj", "{D38304C0-7D6F-493C-86FB-2C8D31CCD877}"
EndProject
Project("{8BC9CEB8-8B4A-11D0-8D11-00A0C91BC942}") = "TheMailboxManufacturersProblem882", "TheMailboxManufacturersProblem882\TheMailboxManufacturersProblem882.vcxproj", "{DB0496E5-ED78-4890-82F8-177A646D26DF}"
EndProject
Project("{8BC9CEB8-8B4A-11D0-8D11-00A0C91BC942}") = "Passwords628", "Passwords628\Passwords628.vcxproj", "{732B25D1-4B87-4145-B238-49563E64A4BB}"
EndProject
Project("{8BC9CEB8-8B4A-11D0-8D11-00A0C91BC942}") = "CoinChange674", "CoinChange674\CoinChange674.vcxproj", "{776142CB-BB64-482B-90DC-160ED893F854}"
EndProject
Project("{8BC9CEB8-8B4A-11D0-8D11-00A0C91BC942}") = "IsItATree_615", "IsItATree_615\IsItATree_615.vcxproj", "{096AABC5-D076-49A0-97D9-925CCD4196EA}"
EndProject
Project("{8BC9CEB8-8B4A-11D0-8D11-00A0C91BC942}") = "TreeRecovery536", "TreeRecovery536\TreeRecovery536.vcxproj", "{04577104-1AED-4352-99D0-259BE1448378}"
EndProject
Project("{8BC9CEB8-8B4A-11D0-8D11-00A0C91BC942}") = "RobotMotion10116", "RobotMotion10116\RobotMotion10116.vcxproj", "{DD999433-EED0-4F6F-892F-40308DC38148}"
EndProject
Project("{8BC9CEB8-8B4A-11D0-8D11-00A0C91BC942}") = "Subway10389", "Subway10389\Subway10389.vcxproj", "{47ADBAD8-7C7C-4E80-B805-F48621A1264D}"
EndProject
Project("{8BC9CEB8-8B4A-11D0-8D11-00A0C91BC942}") = "Popes957", "Popes957\Popes957.vcxproj", "{463195B8-1426-40E8-9CB4-4909FBCECEE8}"
EndProject
Project("{8BC9CEB8-8B4A-11D0-8D11-00A0C91BC942}") = "RoughRoads10356", "RoughRoads10356\RoughRoads10356.vcxproj", "{6AE80307-74F1-4B3F-9945-001E71B06D90}"
EndProject
Global
	GlobalSection(SolutionConfigurationPlatforms) = preSolution
		Debug|x64 = Debug|x64
		Debug|x86 = Debug|x86
		Release|x64 = Release|x64
		Release|x86 = Release|x86
	EndGlobalSection
	GlobalSection(ProjectConfigurationPlatforms) = postSolution
		{317F678E-AC30-47AE-838D-79CCB59F4B78}.Debug|x64.ActiveCfg = Debug|x64
		{317F678E-AC30-47AE-838D-79CCB59F4B78}.Debug|x64.Build.0 = Debug|x64
		{317F678E-AC30-47AE-838D-79CCB59F4B78}.Debug|x86.ActiveCfg = Debug|Win32
		{317F678E-AC30-47AE-838D-79CCB59F4B78}.Debug|x86.Build.0 = Debug|Win32
		{317F678E-AC30-47AE-838D-79CCB59F4B78}.Release|x64.ActiveCfg = Release|x64
		{317F678E-AC30-47AE-838D-79CCB59F4B78}.Release|x64.Build.0 = Release|x64
		{317F678E-AC30-47AE-838D-79CCB59F4B78}.Release|x86.ActiveCfg = Release|Win32
		{317F678E-AC30-47AE-838D-79CCB59F4B78}.Release|x86.Build.0 = Release|Win32
		{8968D543-E9DC-47D5-9B59-DA0CE7E3B667}.Debug|x64.ActiveCfg = Debug|x64
		{8968D543-E9DC-47D5-9B59-DA0CE7E3B667}.Debug|x64.Build.0 = Debug|x64
		{8968D543-E9DC-47D5-9B59-DA0CE7E3B667}.Debug|x86.ActiveCfg = Debug|Win32
		{8968D543-E9DC-47D5-9B59-DA0CE7E3B667}.Debug|x86.Build.0 = Debug|Win32
		{8968D543-E9DC-47D5-9B59-DA0CE7E3B667}.Release|x64.ActiveCfg = Release|x64
		{8968D543-E9DC-47D5-9B59-DA0CE7E3B667}.Release|x64.Build.0 = Release|x64
		{8968D543-E9DC-47D5-9B59-DA0CE7E3B667}.Release|x86.ActiveCfg = Release|Win32
		{8968D543-E9DC-47D5-9B59-DA0CE7E3B667}.Release|x86.Build.0 = Release|Win32
		{9DA59F4F-7EE9-4431-A094-2172E3A83064}.Debug|x64.ActiveCfg = Debug|x64
		{9DA59F4F-7EE9-4431-A094-2172E3A83064}.Debug|x64.Build.0 = Debug|x64
		{9DA59F4F-7EE9-4431-A094-2172E3A83064}.Debug|x86.ActiveCfg = Debug|Win32
		{9DA59F4F-7EE9-4431-A094-2172E3A83064}.Debug|x86.Build.0 = Debug|Win32
		{9DA59F4F-7EE9-4431-A094-2172E3A83064}.Release|x64.ActiveCfg = Release|x64
		{9DA59F4F-7EE9-4431-A094-2172E3A83064}.Release|x64.Build.0 = Release|x64
		{9DA59F4F-7EE9-4431-A094-2172E3A83064}.Release|x86.ActiveCfg = Release|Win32
		{9DA59F4F-7EE9-4431-A094-2172E3A83064}.Release|x86.Build.0 = Release|Win32
		{EB1EDC53-46CF-4D68-8C16-41F7564315F8}.Debug|x64.ActiveCfg = Debug|x64
		{EB1EDC53-46CF-4D68-8C16-41F7564315F8}.Debug|x64.Build.0 = Debug|x64
		{EB1EDC53-46CF-4D68-8C16-41F7564315F8}.Debug|x86.ActiveCfg = Debug|Win32
		{EB1EDC53-46CF-4D68-8C16-41F7564315F8}.Debug|x86.Build.0 = Debug|Win32
		{EB1EDC53-46CF-4D68-8C16-41F7564315F8}.Release|x64.ActiveCfg = Release|x64
		{EB1EDC53-46CF-4D68-8C16-41F7564315F8}.Release|x64.Build.0 = Release|x64
		{EB1EDC53-46CF-4D68-8C16-41F7564315F8}.Release|x86.ActiveCfg = Release|Win32
		{EB1EDC53-46CF-4D68-8C16-41F7564315F8}.Release|x86.Build.0 = Release|Win32
		{F1446147-0D7B-4193-9AC2-1E6D565C33CB}.Debug|x64.ActiveCfg = Debug|x64
		{F1446147-0D7B-4193-9AC2-1E6D565C33CB}.Debug|x64.Build.0 = Debug|x64
		{F1446147-0D7B-4193-9AC2-1E6D565C33CB}.Debug|x86.ActiveCfg = Debug|Win32
		{F1446147-0D7B-4193-9AC2-1E6D565C33CB}.Debug|x86.Build.0 = Debug|Win32
		{F1446147-0D7B-4193-9AC2-1E6D565C33CB}.Release|x64.ActiveCfg = Release|x64
		{F1446147-0D7B-4193-9AC2-1E6D565C33CB}.Release|x64.Build.0 = Release|x64
		{F1446147-0D7B-4193-9AC2-1E6D565C33CB}.Release|x86.ActiveCfg = Release|Win32
		{F1446147-0D7B-4193-9AC2-1E6D565C33CB}.Release|x86.Build.0 = Release|Win32
		{84A0F9D5-7BD4-4246-B4A2-D5AEEB056719}.Debug|x64.ActiveCfg = Debug|x64
		{84A0F9D5-7BD4-4246-B4A2-D5AEEB056719}.Debug|x64.Build.0 = Debug|x64
		{84A0F9D5-7BD4-4246-B4A2-D5AEEB056719}.Debug|x86.ActiveCfg = Debug|Win32
		{84A0F9D5-7BD4-4246-B4A2-D5AEEB056719}.Debug|x86.Build.0 = Debug|Win32
		{84A0F9D5-7BD4-4246-B4A2-D5AEEB056719}.Release|x64.ActiveCfg = Release|x64
		{84A0F9D5-7BD4-4246-B4A2-D5AEEB056719}.Release|x64.Build.0 = Release|x64
		{84A0F9D5-7BD4-4246-B4A2-D5AEEB056719}.Release|x86.ActiveCfg = Release|Win32
		{84A0F9D5-7BD4-4246-B4A2-D5AEEB056719}.Release|x86.Build.0 = Release|Win32
		{B492D9EF-158F-4D5C-8D35-3E87D0691D71}.Debug|x64.ActiveCfg = Debug|x64
		{B492D9EF-158F-4D5C-8D35-3E87D0691D71}.Debug|x64.Build.0 = Debug|x64
		{B492D9EF-158F-4D5C-8D35-3E87D0691D71}.Debug|x86.ActiveCfg = Debug|Win32
		{B492D9EF-158F-4D5C-8D35-3E87D0691D71}.Debug|x86.Build.0 = Debug|Win32
		{B492D9EF-158F-4D5C-8D35-3E87D0691D71}.Release|x64.ActiveCfg = Release|x64
		{B492D9EF-158F-4D5C-8D35-3E87D0691D71}.Release|x64.Build.0 = Release|x64
		{B492D9EF-158F-4D5C-8D35-3E87D0691D71}.Release|x86.ActiveCfg = Release|Win32
		{B492D9EF-158F-4D5C-8D35-3E87D0691D71}.Release|x86.Build.0 = Release|Win32
		{76F0DBA3-A6CA-4B4D-9F14-47744C663463}.Debug|x64.ActiveCfg = Debug|x64
		{76F0DBA3-A6CA-4B4D-9F14-47744C663463}.Debug|x64.Build.0 = Debug|x64
		{76F0DBA3-A6CA-4B4D-9F14-47744C663463}.Debug|x86.ActiveCfg = Debug|Win32
		{76F0DBA3-A6CA-4B4D-9F14-47744C663463}.Debug|x86.Build.0 = Debug|Win32
		{76F0DBA3-A6CA-4B4D-9F14-47744C663463}.Release|x64.ActiveCfg = Release|x64
		{76F0DBA3-A6CA-4B4D-9F14-47744C663463}.Release|x64.Build.0 = Release|x64
		{76F0DBA3-A6CA-4B4D-9F14-47744C663463}.Release|x86.ActiveCfg = Release|Win32
		{76F0DBA3-A6CA-4B4D-9F14-47744C663463}.Release|x86.Build.0 = Release|Win32
		{DBE692F6-EF71-4199-8375-15AE777B19B7}.Debug|x64.ActiveCfg = Debug|x64
		{DBE692F6-EF71-4199-8375-15AE777B19B7}.Debug|x64.Build.0 = Debug|x64
		{DBE692F6-EF71-4199-8375-15AE777B19B7}.Debug|x86.ActiveCfg = Debug|Win32
		{DBE692F6-EF71-4199-8375-15AE777B19B7}.Debug|x86.Build.0 = Debug|Win32
		{DBE692F6-EF71-4199-8375-15AE777B19B7}.Release|x64.ActiveCfg = Release|x64
		{DBE692F6-EF71-4199-8375-15AE777B19B7}.Release|x64.Build.0 = Release|x64
		{DBE692F6-EF71-4199-8375-15AE777B19B7}.Release|x86.ActiveCfg = Release|Win32
		{DBE692F6-EF71-4199-8375-15AE777B19B7}.Release|x86.Build.0 = Release|Win32
		{53C7F6FC-A4BC-4CF4-9DA9-8D1162BE9322}.Debug|x64.ActiveCfg = Debug|x64
		{53C7F6FC-A4BC-4CF4-9DA9-8D1162BE9322}.Debug|x64.Build.0 = Debug|x64
		{53C7F6FC-A4BC-4CF4-9DA9-8D1162BE9322}.Debug|x86.ActiveCfg = Debug|Win32
		{53C7F6FC-A4BC-4CF4-9DA9-8D1162BE9322}.Debug|x86.Build.0 = Debug|Win32
		{53C7F6FC-A4BC-4CF4-9DA9-8D1162BE9322}.Release|x64.ActiveCfg = Release|x64
		{53C7F6FC-A4BC-4CF4-9DA9-8D1162BE9322}.Release|x64.Build.0 = Release|x64
		{53C7F6FC-A4BC-4CF4-9DA9-8D1162BE9322}.Release|x86.ActiveCfg = Release|Win32
		{53C7F6FC-A4BC-4CF4-9DA9-8D1162BE9322}.Release|x86.Build.0 = Release|Win32
		{CF687687-6DE2-4C8F-84F5-0AADB343F561}.Debug|x64.ActiveCfg = Debug|x64
		{CF687687-6DE2-4C8F-84F5-0AADB343F561}.Debug|x64.Build.0 = Debug|x64
		{CF687687-6DE2-4C8F-84F5-0AADB343F561}.Debug|x86.ActiveCfg = Debug|Win32
		{CF687687-6DE2-4C8F-84F5-0AADB343F561}.Debug|x86.Build.0 = Debug|Win32
		{CF687687-6DE2-4C8F-84F5-0AADB343F561}.Release|x64.ActiveCfg = Release|x64
		{CF687687-6DE2-4C8F-84F5-0AADB343F561}.Release|x64.Build.0 = Release|x64
		{CF687687-6DE2-4C8F-84F5-0AADB343F561}.Release|x86.ActiveCfg = Release|Win32
		{CF687687-6DE2-4C8F-84F5-0AADB343F561}.Release|x86.Build.0 = Release|Win32
		{1DABF61B-A760-48A7-924F-44F193C7A36A}.Debug|x64.ActiveCfg = Debug|x64
		{1DABF61B-A760-48A7-924F-44F193C7A36A}.Debug|x64.Build.0 = Debug|x64
		{1DABF61B-A760-48A7-924F-44F193C7A36A}.Debug|x86.ActiveCfg = Debug|Win32
		{1DABF61B-A760-48A7-924F-44F193C7A36A}.Debug|x86.Build.0 = Debug|Win32
		{1DABF61B-A760-48A7-924F-44F193C7A36A}.Release|x64.ActiveCfg = Release|x64
		{1DABF61B-A760-48A7-924F-44F193C7A36A}.Release|x64.Build.0 = Release|x64
		{1DABF61B-A760-48A7-924F-44F193C7A36A}.Release|x86.ActiveCfg = Release|Win32
		{1DABF61B-A760-48A7-924F-44F193C7A36A}.Release|x86.Build.0 = Release|Win32
		{A993A815-5A70-4790-9EBB-AF8C0ABBC7C6}.Debug|x64.ActiveCfg = Debug|x64
		{A993A815-5A70-4790-9EBB-AF8C0ABBC7C6}.Debug|x64.Build.0 = Debug|x64
		{A993A815-5A70-4790-9EBB-AF8C0ABBC7C6}.Debug|x86.ActiveCfg = Debug|Win32
		{A993A815-5A70-4790-9EBB-AF8C0ABBC7C6}.Debug|x86.Build.0 = Debug|Win32
		{A993A815-5A70-4790-9EBB-AF8C0ABBC7C6}.Release|x64.ActiveCfg = Release|x64
		{A993A815-5A70-4790-9EBB-AF8C0ABBC7C6}.Release|x64.Build.0 = Release|x64
		{A993A815-5A70-4790-9EBB-AF8C0ABBC7C6}.Release|x86.ActiveCfg = Release|Win32
		{A993A815-5A70-4790-9EBB-AF8C0ABBC7C6}.Release|x86.Build.0 = Release|Win32
		{82709CAD-58AC-4637-BA86-7D56444AD954}.Debug|x64.ActiveCfg = Debug|x64
		{82709CAD-58AC-4637-BA86-7D56444AD954}.Debug|x64.Build.0 = Debug|x64
		{82709CAD-58AC-4637-BA86-7D56444AD954}.Debug|x86.ActiveCfg = Debug|Win32
		{82709CAD-58AC-4637-BA86-7D56444AD954}.Debug|x86.Build.0 = Debug|Win32
		{82709CAD-58AC-4637-BA86-7D56444AD954}.Release|x64.ActiveCfg = Release|x64
		{82709CAD-58AC-4637-BA86-7D56444AD954}.Release|x64.Build.0 = Release|x64
		{82709CAD-58AC-4637-BA86-7D56444AD954}.Release|x86.ActiveCfg = Release|Win32
		{82709CAD-58AC-4637-BA86-7D56444AD954}.Release|x86.Build.0 = Release|Win32
		{07612476-9008-4BC6-A9BA-F89EBFDB135D}.Debug|x64.ActiveCfg = Debug|x64
		{07612476-9008-4BC6-A9BA-F89EBFDB135D}.Debug|x64.Build.0 = Debug|x64
		{07612476-9008-4BC6-A9BA-F89EBFDB135D}.Debug|x86.ActiveCfg = Debug|Win32
		{07612476-9008-4BC6-A9BA-F89EBFDB135D}.Debug|x86.Build.0 = Debug|Win32
		{07612476-9008-4BC6-A9BA-F89EBFDB135D}.Release|x64.ActiveCfg = Release|x64
		{07612476-9008-4BC6-A9BA-F89EBFDB135D}.Release|x64.Build.0 = Release|x64
		{07612476-9008-4BC6-A9BA-F89EBFDB135D}.Release|x86.ActiveCfg = Release|Win32
		{07612476-9008-4BC6-A9BA-F89EBFDB135D}.Release|x86.Build.0 = Release|Win32
		{97BD6F81-9D36-4F84-87A0-DEC0EC5A4CB6}.Debug|x64.ActiveCfg = Debug|x64
		{97BD6F81-9D36-4F84-87A0-DEC0EC5A4CB6}.Debug|x64.Build.0 = Debug|x64
		{97BD6F81-9D36-4F84-87A0-DEC0EC5A4CB6}.Debug|x86.ActiveCfg = Debug|Win32
		{97BD6F81-9D36-4F84-87A0-DEC0EC5A4CB6}.Debug|x86.Build.0 = Debug|Win32
		{97BD6F81-9D36-4F84-87A0-DEC0EC5A4CB6}.Release|x64.ActiveCfg = Release|x64
		{97BD6F81-9D36-4F84-87A0-DEC0EC5A4CB6}.Release|x64.Build.0 = Release|x64
		{97BD6F81-9D36-4F84-87A0-DEC0EC5A4CB6}.Release|x86.ActiveCfg = Release|Win32
		{97BD6F81-9D36-4F84-87A0-DEC0EC5A4CB6}.Release|x86.Build.0 = Release|Win32
		{D38304C0-7D6F-493C-86FB-2C8D31CCD877}.Debug|x64.ActiveCfg = Debug|x64
		{D38304C0-7D6F-493C-86FB-2C8D31CCD877}.Debug|x64.Build.0 = Debug|x64
		{D38304C0-7D6F-493C-86FB-2C8D31CCD877}.Debug|x86.ActiveCfg = Debug|Win32
		{D38304C0-7D6F-493C-86FB-2C8D31CCD877}.Debug|x86.Build.0 = Debug|Win32
		{D38304C0-7D6F-493C-86FB-2C8D31CCD877}.Release|x64.ActiveCfg = Release|x64
		{D38304C0-7D6F-493C-86FB-2C8D31CCD877}.Release|x64.Build.0 = Release|x64
		{D38304C0-7D6F-493C-86FB-2C8D31CCD877}.Release|x86.ActiveCfg = Release|Win32
		{D38304C0-7D6F-493C-86FB-2C8D31CCD877}.Release|x86.Build.0 = Release|Win32
		{DB0496E5-ED78-4890-82F8-177A646D26DF}.Debug|x64.ActiveCfg = Debug|x64
		{DB0496E5-ED78-4890-82F8-177A646D26DF}.Debug|x64.Build.0 = Debug|x64
		{DB0496E5-ED78-4890-82F8-177A646D26DF}.Debug|x86.ActiveCfg = Debug|Win32
		{DB0496E5-ED78-4890-82F8-177A646D26DF}.Debug|x86.Build.0 = Debug|Win32
		{DB0496E5-ED78-4890-82F8-177A646D26DF}.Release|x64.ActiveCfg = Release|x64
		{DB0496E5-ED78-4890-82F8-177A646D26DF}.Release|x64.Build.0 = Release|x64
		{DB0496E5-ED78-4890-82F8-177A646D26DF}.Release|x86.ActiveCfg = Release|Win32
		{DB0496E5-ED78-4890-82F8-177A646D26DF}.Release|x86.Build.0 = Release|Win32
		{732B25D1-4B87-4145-B238-49563E64A4BB}.Debug|x64.ActiveCfg = Debug|x64
		{732B25D1-4B87-4145-B238-49563E64A4BB}.Debug|x64.Build.0 = Debug|x64
		{732B25D1-4B87-4145-B238-49563E64A4BB}.Debug|x86.ActiveCfg = Debug|Win32
		{732B25D1-4B87-4145-B238-49563E64A4BB}.Debug|x86.Build.0 = Debug|Win32
		{732B25D1-4B87-4145-B238-49563E64A4BB}.Release|x64.ActiveCfg = Release|x64
		{732B25D1-4B87-4145-B238-49563E64A4BB}.Release|x64.Build.0 = Release|x64
		{732B25D1-4B87-4145-B238-49563E64A4BB}.Release|x86.ActiveCfg = Release|Win32
		{732B25D1-4B87-4145-B238-49563E64A4BB}.Release|x86.Build.0 = Release|Win32
		{776142CB-BB64-482B-90DC-160ED893F854}.Debug|x64.ActiveCfg = Debug|x64
		{776142CB-BB64-482B-90DC-160ED893F854}.Debug|x64.Build.0 = Debug|x64
		{776142CB-BB64-482B-90DC-160ED893F854}.Debug|x86.ActiveCfg = Debug|Win32
		{776142CB-BB64-482B-90DC-160ED893F854}.Debug|x86.Build.0 = Debug|Win32
		{776142CB-BB64-482B-90DC-160ED893F854}.Release|x64.ActiveCfg = Release|x64
		{776142CB-BB64-482B-90DC-160ED893F854}.Release|x64.Build.0 = Release|x64
		{776142CB-BB64-482B-90DC-160ED893F854}.Release|x86.ActiveCfg = Release|Win32
		{776142CB-BB64-482B-90DC-160ED893F854}.Release|x86.Build.0 = Release|Win32
		{096AABC5-D076-49A0-97D9-925CCD4196EA}.Debug|x64.ActiveCfg = Debug|x64
		{096AABC5-D076-49A0-97D9-925CCD4196EA}.Debug|x64.Build.0 = Debug|x64
		{096AABC5-D076-49A0-97D9-925CCD4196EA}.Debug|x86.ActiveCfg = Debug|Win32
		{096AABC5-D076-49A0-97D9-925CCD4196EA}.Debug|x86.Build.0 = Debug|Win32
		{096AABC5-D076-49A0-97D9-925CCD4196EA}.Release|x64.ActiveCfg = Release|x64
		{096AABC5-D076-49A0-97D9-925CCD4196EA}.Release|x64.Build.0 = Release|x64
		{096AABC5-D076-49A0-97D9-925CCD4196EA}.Release|x86.ActiveCfg = Release|Win32
		{096AABC5-D076-49A0-97D9-925CCD4196EA}.Release|x86.Build.0 = Release|Win32
		{04577104-1AED-4352-99D0-259BE1448378}.Debug|x64.ActiveCfg = Debug|x64
		{04577104-1AED-4352-99D0-259BE1448378}.Debug|x64.Build.0 = Debug|x64
		{04577104-1AED-4352-99D0-259BE1448378}.Debug|x86.ActiveCfg = Debug|Win32
		{04577104-1AED-4352-99D0-259BE1448378}.Debug|x86.Build.0 = Debug|Win32
		{04577104-1AED-4352-99D0-259BE1448378}.Release|x64.ActiveCfg = Release|x64
		{04577104-1AED-4352-99D0-259BE1448378}.Release|x64.Build.0 = Release|x64
		{04577104-1AED-4352-99D0-259BE1448378}.Release|x86.ActiveCfg = Release|Win32
		{04577104-1AED-4352-99D0-259BE1448378}.Release|x86.Build.0 = Release|Win32
		{DD999433-EED0-4F6F-892F-40308DC38148}.Debug|x64.ActiveCfg = Debug|x64
		{DD999433-EED0-4F6F-892F-40308DC38148}.Debug|x64.Build.0 = Debug|x64
		{DD999433-EED0-4F6F-892F-40308DC38148}.Debug|x86.ActiveCfg = Debug|Win32
		{DD999433-EED0-4F6F-892F-40308DC38148}.Debug|x86.Build.0 = Debug|Win32
		{DD999433-EED0-4F6F-892F-40308DC38148}.Release|x64.ActiveCfg = Release|x64
		{DD999433-EED0-4F6F-892F-40308DC38148}.Release|x64.Build.0 = Release|x64
		{DD999433-EED0-4F6F-892F-40308DC38148}.Release|x86.ActiveCfg = Release|Win32
		{DD999433-EED0-4F6F-892F-40308DC38148}.Release|x86.Build.0 = Release|Win32
		{47ADBAD8-7C7C-4E80-B805-F48621A1264D}.Debug|x64.ActiveCfg = Debug|x64
		{47ADBAD8-7C7C-4E80-B805-F48621A1264D}.Debug|x64.Build.0 = Debug|x64
		{47ADBAD8-7C7C-4E80-B805-F48621A1264D}.Debug|x86.ActiveCfg = Debug|Win32
		{47ADBAD8-7C7C-4E80-B805-F48621A1264D}.Debug|x86.Build.0 = Debug|Win32
		{47ADBAD8-7C7C-4E80-B805-F48621A1264D}.Release|x64.ActiveCfg = Release|x64
		{47ADBAD8-7C7C-4E80-B805-F48621A1264D}.Release|x64.Build.0 = Release|x64
		{47ADBAD8-7C7C-4E80-B805-F48621A1264D}.Release|x86.ActiveCfg = Release|Win32
		{47ADBAD8-7C7C-4E80-B805-F48621A1264D}.Release|x86.Build.0 = Release|Win32
		{463195B8-1426-40E8-9CB4-4909FBCECEE8}.Debug|x64.ActiveCfg = Debug|x64
		{463195B8-1426-40E8-9CB4-4909FBCECEE8}.Debug|x64.Build.0 = Debug|x64
		{463195B8-1426-40E8-9CB4-4909FBCECEE8}.Debug|x86.ActiveCfg = Debug|Win32
		{463195B8-1426-40E8-9CB4-4909FBCECEE8}.Debug|x86.Build.0 = Debug|Win32
		{463195B8-1426-40E8-9CB4-4909FBCECEE8}.Release|x64.ActiveCfg = Release|x64
		{463195B8-1426-40E8-9CB4-4909FBCECEE8}.Release|x64.Build.0 = Release|x64
		{463195B8-1426-40E8-9CB4-4909FBCECEE8}.Release|x86.ActiveCfg = Release|Win32
		{463195B8-1426-40E8-9CB4-4909FBCECEE8}.Release|x86.Build.0 = Release|Win32
		{6AE80307-74F1-4B3F-9945-001E71B06D90}.Debug|x64.ActiveCfg = Debug|x64
		{6AE80307-74F1-4B3F-9945-001E71B06D90}.Debug|x64.Build.0 = Debug|x64
		{6AE80307-74F1-4B3F-9945-001E71B06D90}.Debug|x86.ActiveCfg = Debug|Win32
		{6AE80307-74F1-4B3F-9945-001E71B06D90}.Debug|x86.Build.0 = Debug|Win32
		{6AE80307-74F1-4B3F-9945-001E71B06D90}.Release|x64.ActiveCfg = Release|x64
		{6AE80307-74F1-4B3F-9945-001E71B06D90}.Release|x64.Build.0 = Release|x64
		{6AE80307-74F1-4B3F-9945-001E71B06D90}.Release|x86.ActiveCfg = Release|Win32
		{6AE80307-74F1-4B3F-9945-001E71B06D90}.Release|x86.Build.0 = Release|Win32
	EndGlobalSection
	GlobalSection(SolutionProperties) = preSolution
		HideSolutionNode = FALSE
	EndGlobalSection
	GlobalSection(ExtensibilityGlobals) = postSolution
		SolutionGuid = {B01419AB-8E2D-4F08-AB15-E4885C30B8D1}
	EndGlobalSection
EndGlobal
