
Microsoft Visual Studio Solution File, Format Version 12.00
# Visual Studio 15
VisualStudioVersion = 15.0.28307.1684
MinimumVisualStudioVersion = 10.0.40219.1
Project("{8BC9CEB8-8B4A-11D0-8D11-00A0C91BC942}") = "InternetBandwidth820", "InternetBandwith820\InternetBandwith820.vcxproj", "{317F678E-AC30-47AE-838D-79CCB59F4B78}"
EndProject
Project("{8BC9CEB8-8B4A-11D0-8D11-00A0C91BC942}") = "PatrolRobot1600", "PatrolRobot1600\PatrolRobot1600.vcxproj", "{8968D543-E9DC-47D5-9B59-DA0CE7E3B667}"
EndProject
Project("{8BC9CEB8-8B4A-11D0-8D11-00A0C91BC942}") = "NonBoringSequences1608", "NonBoringSequences1608\NonBoringSequences1608.vcxproj", "{9DA59F4F-7EE9-4431-A094-2172E3A83064}"
EndProject
Project("{8BC9CEB8-8B4A-11D0-8D11-00A0C91BC942}") = "SecretChamberAtMountRushmore1757", "SecretChamberAtMountRushmore1757\SecretChamberAtMountRushmore1757.vcxproj", "{EB1EDC53-46CF-4D68-8C16-41F7564315F8}"
EndProject
Project("{8BC9CEB8-8B4A-11D0-8D11-00A0C91BC942}") = "Admiral1658", "Admiral1658\Admiral1658.vcxproj", "{F1446147-0D7B-4193-9AC2-1E6D565C33CB}"
EndProject
Project("{8BC9CEB8-8B4A-11D0-8D11-00A0C91BC942}") = "SpreadingTheNews924", "SpreadingTheNews924\SpreadingTheNews924.vcxproj", "{84A0F9D5-7BD4-4246-B4A2-D5AEEB056719}"
EndProject
Project("{8BC9CEB8-8B4A-11D0-8D11-00A0C91BC942}") = "ASpyInTheMetro1025", "ASpyInTheMetro1025\ASpyInTheMetro1025.vcxproj", "{B492D9EF-158F-4D5C-8D35-3E87D0691D71}"
EndProject
Project("{8BC9CEB8-8B4A-11D0-8D11-00A0C91BC942}") = "WeddingOfTheSultan12582", "WeddingOfTheSultan12582\WeddingOfTheSultan12582.vcxproj", "{76F0DBA3-A6CA-4B4D-9F14-47744C663463}"
EndProject
Project("{8BC9CEB8-8B4A-11D0-8D11-00A0C91BC942}") = "UpdatingADictionary12504", "UpdatingADictionary12504\UpdatingADictionary12504.vcxproj", "{DBE692F6-EF71-4199-8375-15AE777B19B7}"
EndProject
Project("{8BC9CEB8-8B4A-11D0-8D11-00A0C91BC942}") = "PlaceTheGuards11080", "PlaceTheGuards11080\PlaceTheGuards11080.vcxproj", "{53C7F6FC-A4BC-4CF4-9DA9-8D1162BE9322}"
EndProject
Project("{8BC9CEB8-8B4A-11D0-8D11-00A0C91BC942}") = "HowMany_986", "HowMany_986\HowMany_986.vcxproj", "{CF687687-6DE2-4C8F-84F5-0AADB343F561}"
EndProject
Project("{8BC9CEB8-8B4A-11D0-8D11-00A0C91BC942}") = "Extrapolation326", "Extrapolation326\Extrapolation326.vcxproj", "{1DABF61B-A760-48A7-924F-44F193C7A36A}"
EndProject
Project("{8BC9CEB8-8B4A-11D0-8D11-00A0C91BC942}") = "IslandHopping1013", "IslandHopping1013\IslandHopping1013.vcxproj", "{A993A815-5A70-4790-9EBB-AF8C0ABBC7C6}"
EndProject
Global
	GlobalSection(SolutionConfigurationPlatforms) = preSolution
		Debug|x64 = Debug|x64
		Debug|x86 = Debug|x86
		Release|x64 = Release|x64
		Release|x86 = Release|x86
	EndGlobalSection
	GlobalSection(ProjectConfigurationPlatforms) = postSolution
		{317F678E-AC30-47AE-838D-79CCB59F4B78}.Debug|x64.ActiveCfg = Debug|x64
		{317F678E-AC30-47AE-838D-79CCB59F4B78}.Debug|x64.Build.0 = Debug|x64
		{317F678E-AC30-47AE-838D-79CCB59F4B78}.Debug|x86.ActiveCfg = Debug|Win32
		{317F678E-AC30-47AE-838D-79CCB59F4B78}.Debug|x86.Build.0 = Debug|Win32
		{317F678E-AC30-47AE-838D-79CCB59F4B78}.Release|x64.ActiveCfg = Release|x64
		{317F678E-AC30-47AE-838D-79CCB59F4B78}.Release|x64.Build.0 = Release|x64
		{317F678E-AC30-47AE-838D-79CCB59F4B78}.Release|x86.ActiveCfg = Release|Win32
		{317F678E-AC30-47AE-838D-79CCB59F4B78}.Release|x86.Build.0 = Release|Win32
		{8968D543-E9DC-47D5-9B59-DA0CE7E3B667}.Debug|x64.ActiveCfg = Debug|x64
		{8968D543-E9DC-47D5-9B59-DA0CE7E3B667}.Debug|x64.Build.0 = Debug|x64
		{8968D543-E9DC-47D5-9B59-DA0CE7E3B667}.Debug|x86.ActiveCfg = Debug|Win32
		{8968D543-E9DC-47D5-9B59-DA0CE7E3B667}.Debug|x86.Build.0 = Debug|Win32
		{8968D543-E9DC-47D5-9B59-DA0CE7E3B667}.Release|x64.ActiveCfg = Release|x64
		{8968D543-E9DC-47D5-9B59-DA0CE7E3B667}.Release|x64.Build.0 = Release|x64
		{8968D543-E9DC-47D5-9B59-DA0CE7E3B667}.Release|x86.ActiveCfg = Release|Win32
		{8968D543-E9DC-47D5-9B59-DA0CE7E3B667}.Release|x86.Build.0 = Release|Win32
		{9DA59F4F-7EE9-4431-A094-2172E3A83064}.Debug|x64.ActiveCfg = Debug|x64
		{9DA59F4F-7EE9-4431-A094-2172E3A83064}.Debug|x64.Build.0 = Debug|x64
		{9DA59F4F-7EE9-4431-A094-2172E3A83064}.Debug|x86.ActiveCfg = Debug|Win32
		{9DA59F4F-7EE9-4431-A094-2172E3A83064}.Debug|x86.Build.0 = Debug|Win32
		{9DA59F4F-7EE9-4431-A094-2172E3A83064}.Release|x64.ActiveCfg = Release|x64
		{9DA59F4F-7EE9-4431-A094-2172E3A83064}.Release|x64.Build.0 = Release|x64
		{9DA59F4F-7EE9-4431-A094-2172E3A83064}.Release|x86.ActiveCfg = Release|Win32
		{9DA59F4F-7EE9-4431-A094-2172E3A83064}.Release|x86.Build.0 = Release|Win32
		{EB1EDC53-46CF-4D68-8C16-41F7564315F8}.Debug|x64.ActiveCfg = Debug|x64
		{EB1EDC53-46CF-4D68-8C16-41F7564315F8}.Debug|x64.Build.0 = Debug|x64
		{EB1EDC53-46CF-4D68-8C16-41F7564315F8}.Debug|x86.ActiveCfg = Debug|Win32
		{EB1EDC53-46CF-4D68-8C16-41F7564315F8}.Debug|x86.Build.0 = Debug|Win32
		{EB1EDC53-46CF-4D68-8C16-41F7564315F8}.Release|x64.ActiveCfg = Release|x64
		{EB1EDC53-46CF-4D68-8C16-41F7564315F8}.Release|x64.Build.0 = Release|x64
		{EB1EDC53-46CF-4D68-8C16-41F7564315F8}.Release|x86.ActiveCfg = Release|Win32
		{EB1EDC53-46CF-4D68-8C16-41F7564315F8}.Release|x86.Build.0 = Release|Win32
		{F1446147-0D7B-4193-9AC2-1E6D565C33CB}.Debug|x64.ActiveCfg = Debug|x64
		{F1446147-0D7B-4193-9AC2-1E6D565C33CB}.Debug|x64.Build.0 = Debug|x64
		{F1446147-0D7B-4193-9AC2-1E6D565C33CB}.Debug|x86.ActiveCfg = Debug|Win32
		{F1446147-0D7B-4193-9AC2-1E6D565C33CB}.Debug|x86.Build.0 = Debug|Win32
		{F1446147-0D7B-4193-9AC2-1E6D565C33CB}.Release|x64.ActiveCfg = Release|x64
		{F1446147-0D7B-4193-9AC2-1E6D565C33CB}.Release|x64.Build.0 = Release|x64
		{F1446147-0D7B-4193-9AC2-1E6D565C33CB}.Release|x86.ActiveCfg = Release|Win32
		{F1446147-0D7B-4193-9AC2-1E6D565C33CB}.Release|x86.Build.0 = Release|Win32
		{84A0F9D5-7BD4-4246-B4A2-D5AEEB056719}.Debug|x64.ActiveCfg = Debug|x64
		{84A0F9D5-7BD4-4246-B4A2-D5AEEB056719}.Debug|x64.Build.0 = Debug|x64
		{84A0F9D5-7BD4-4246-B4A2-D5AEEB056719}.Debug|x86.ActiveCfg = Debug|Win32
		{84A0F9D5-7BD4-4246-B4A2-D5AEEB056719}.Debug|x86.Build.0 = Debug|Win32
		{84A0F9D5-7BD4-4246-B4A2-D5AEEB056719}.Release|x64.ActiveCfg = Release|x64
		{84A0F9D5-7BD4-4246-B4A2-D5AEEB056719}.Release|x64.Build.0 = Release|x64
		{84A0F9D5-7BD4-4246-B4A2-D5AEEB056719}.Release|x86.ActiveCfg = Release|Win32
		{84A0F9D5-7BD4-4246-B4A2-D5AEEB056719}.Release|x86.Build.0 = Release|Win32
		{B492D9EF-158F-4D5C-8D35-3E87D0691D71}.Debug|x64.ActiveCfg = Debug|x64
		{B492D9EF-158F-4D5C-8D35-3E87D0691D71}.Debug|x64.Build.0 = Debug|x64
		{B492D9EF-158F-4D5C-8D35-3E87D0691D71}.Debug|x86.ActiveCfg = Debug|Win32
		{B492D9EF-158F-4D5C-8D35-3E87D0691D71}.Debug|x86.Build.0 = Debug|Win32
		{B492D9EF-158F-4D5C-8D35-3E87D0691D71}.Release|x64.ActiveCfg = Release|x64
		{B492D9EF-158F-4D5C-8D35-3E87D0691D71}.Release|x64.Build.0 = Release|x64
		{B492D9EF-158F-4D5C-8D35-3E87D0691D71}.Release|x86.ActiveCfg = Release|Win32
		{B492D9EF-158F-4D5C-8D35-3E87D0691D71}.Release|x86.Build.0 = Release|Win32
		{76F0DBA3-A6CA-4B4D-9F14-47744C663463}.Debug|x64.ActiveCfg = Debug|x64
		{76F0DBA3-A6CA-4B4D-9F14-47744C663463}.Debug|x64.Build.0 = Debug|x64
		{76F0DBA3-A6CA-4B4D-9F14-47744C663463}.Debug|x86.ActiveCfg = Debug|Win32
		{76F0DBA3-A6CA-4B4D-9F14-47744C663463}.Debug|x86.Build.0 = Debug|Win32
		{76F0DBA3-A6CA-4B4D-9F14-47744C663463}.Release|x64.ActiveCfg = Release|x64
		{76F0DBA3-A6CA-4B4D-9F14-47744C663463}.Release|x64.Build.0 = Release|x64
		{76F0DBA3-A6CA-4B4D-9F14-47744C663463}.Release|x86.ActiveCfg = Release|Win32
		{76F0DBA3-A6CA-4B4D-9F14-47744C663463}.Release|x86.Build.0 = Release|Win32
		{DBE692F6-EF71-4199-8375-15AE777B19B7}.Debug|x64.ActiveCfg = Debug|x64
		{DBE692F6-EF71-4199-8375-15AE777B19B7}.Debug|x64.Build.0 = Debug|x64
		{DBE692F6-EF71-4199-8375-15AE777B19B7}.Debug|x86.ActiveCfg = Debug|Win32
		{DBE692F6-EF71-4199-8375-15AE777B19B7}.Debug|x86.Build.0 = Debug|Win32
		{DBE692F6-EF71-4199-8375-15AE777B19B7}.Release|x64.ActiveCfg = Release|x64
		{DBE692F6-EF71-4199-8375-15AE777B19B7}.Release|x64.Build.0 = Release|x64
		{DBE692F6-EF71-4199-8375-15AE777B19B7}.Release|x86.ActiveCfg = Release|Win32
		{DBE692F6-EF71-4199-8375-15AE777B19B7}.Release|x86.Build.0 = Release|Win32
		{53C7F6FC-A4BC-4CF4-9DA9-8D1162BE9322}.Debug|x64.ActiveCfg = Debug|x64
		{53C7F6FC-A4BC-4CF4-9DA9-8D1162BE9322}.Debug|x64.Build.0 = Debug|x64
		{53C7F6FC-A4BC-4CF4-9DA9-8D1162BE9322}.Debug|x86.ActiveCfg = Debug|Win32
		{53C7F6FC-A4BC-4CF4-9DA9-8D1162BE9322}.Debug|x86.Build.0 = Debug|Win32
		{53C7F6FC-A4BC-4CF4-9DA9-8D1162BE9322}.Release|x64.ActiveCfg = Release|x64
		{53C7F6FC-A4BC-4CF4-9DA9-8D1162BE9322}.Release|x64.Build.0 = Release|x64
		{53C7F6FC-A4BC-4CF4-9DA9-8D1162BE9322}.Release|x86.ActiveCfg = Release|Win32
		{53C7F6FC-A4BC-4CF4-9DA9-8D1162BE9322}.Release|x86.Build.0 = Release|Win32
		{CF687687-6DE2-4C8F-84F5-0AADB343F561}.Debug|x64.ActiveCfg = Debug|x64
		{CF687687-6DE2-4C8F-84F5-0AADB343F561}.Debug|x64.Build.0 = Debug|x64
		{CF687687-6DE2-4C8F-84F5-0AADB343F561}.Debug|x86.ActiveCfg = Debug|Win32
		{CF687687-6DE2-4C8F-84F5-0AADB343F561}.Debug|x86.Build.0 = Debug|Win32
		{CF687687-6DE2-4C8F-84F5-0AADB343F561}.Release|x64.ActiveCfg = Release|x64
		{CF687687-6DE2-4C8F-84F5-0AADB343F561}.Release|x64.Build.0 = Release|x64
		{CF687687-6DE2-4C8F-84F5-0AADB343F561}.Release|x86.ActiveCfg = Release|Win32
		{CF687687-6DE2-4C8F-84F5-0AADB343F561}.Release|x86.Build.0 = Release|Win32
		{1DABF61B-A760-48A7-924F-44F193C7A36A}.Debug|x64.ActiveCfg = Debug|x64
		{1DABF61B-A760-48A7-924F-44F193C7A36A}.Debug|x64.Build.0 = Debug|x64
		{1DABF61B-A760-48A7-924F-44F193C7A36A}.Debug|x86.ActiveCfg = Debug|Win32
		{1DABF61B-A760-48A7-924F-44F193C7A36A}.Debug|x86.Build.0 = Debug|Win32
		{1DABF61B-A760-48A7-924F-44F193C7A36A}.Release|x64.ActiveCfg = Release|x64
		{1DABF61B-A760-48A7-924F-44F193C7A36A}.Release|x64.Build.0 = Release|x64
		{1DABF61B-A760-48A7-924F-44F193C7A36A}.Release|x86.ActiveCfg = Release|Win32
		{1DABF61B-A760-48A7-924F-44F193C7A36A}.Release|x86.Build.0 = Release|Win32
		{A993A815-5A70-4790-9EBB-AF8C0ABBC7C6}.Debug|x64.ActiveCfg = Debug|x64
		{A993A815-5A70-4790-9EBB-AF8C0ABBC7C6}.Debug|x64.Build.0 = Debug|x64
		{A993A815-5A70-4790-9EBB-AF8C0ABBC7C6}.Debug|x86.ActiveCfg = Debug|Win32
		{A993A815-5A70-4790-9EBB-AF8C0ABBC7C6}.Debug|x86.Build.0 = Debug|Win32
		{A993A815-5A70-4790-9EBB-AF8C0ABBC7C6}.Release|x64.ActiveCfg = Release|x64
		{A993A815-5A70-4790-9EBB-AF8C0ABBC7C6}.Release|x64.Build.0 = Release|x64
		{A993A815-5A70-4790-9EBB-AF8C0ABBC7C6}.Release|x86.ActiveCfg = Release|Win32
		{A993A815-5A70-4790-9EBB-AF8C0ABBC7C6}.Release|x86.Build.0 = Release|Win32
	EndGlobalSection
	GlobalSection(SolutionProperties) = preSolution
		HideSolutionNode = FALSE
	EndGlobalSection
	GlobalSection(ExtensibilityGlobals) = postSolution
		SolutionGuid = {B01419AB-8E2D-4F08-AB15-E4885C30B8D1}
	EndGlobalSection
EndGlobal
